
Microsoft Visual Studio Solution File, Format Version 12.00
# Visual Studio 2012
Project("{8BC9CEB8-8B4A-11D0-8D11-00A0C91BC942}") = "OpenGL14", "OpenGL14\OpenGL14.vcxproj", "{599BADDD-B051-4997-B393-3486885B38F3}"
EndProject
Global
	GlobalSection(SolutionConfigurationPlatforms) = preSolution
		Debug|Win32 = Debug|Win32
		Release|Win32 = Release|Win32
	EndGlobalSection
	GlobalSection(ProjectConfigurationPlatforms) = postSolution
		{599BADDD-B051-4997-B393-3486885B38F3}.Debug|Win32.ActiveCfg = Debug|Win32
		{599BADDD-B051-4997-B393-3486885B38F3}.Debug|Win32.Build.0 = Debug|Win32
		{599BADDD-B051-4997-B393-3486885B38F3}.Release|Win32.ActiveCfg = Release|Win32
		{599BADDD-B051-4997-B393-3486885B38F3}.Release|Win32.Build.0 = Release|Win32
	EndGlobalSection
	GlobalSection(SolutionProperties) = preSolution
		HideSolutionNode = FALSE
	EndGlobalSection
EndGlobal
