
Microsoft Visual Studio Solution File, Format Version 12.00
# Visual Studio 2012
Project("{8BC9CEB8-8B4A-11D0-8D11-00A0C91BC942}") = "OpenGL24", "OpenGL24\OpenGL24.vcxproj", "{634058A7-6703-4B68-84F1-57DCA83A03E0}"
EndProject
Global
	GlobalSection(SolutionConfigurationPlatforms) = preSolution
		Debug|Win32 = Debug|Win32
		Release|Win32 = Release|Win32
	EndGlobalSection
	GlobalSection(ProjectConfigurationPlatforms) = postSolution
		{634058A7-6703-4B68-84F1-57DCA83A03E0}.Debug|Win32.ActiveCfg = Debug|Win32
		{634058A7-6703-4B68-84F1-57DCA83A03E0}.Debug|Win32.Build.0 = Debug|Win32
		{634058A7-6703-4B68-84F1-57DCA83A03E0}.Release|Win32.ActiveCfg = Release|Win32
		{634058A7-6703-4B68-84F1-57DCA83A03E0}.Release|Win32.Build.0 = Release|Win32
	EndGlobalSection
	GlobalSection(SolutionProperties) = preSolution
		HideSolutionNode = FALSE
	EndGlobalSection
EndGlobal
